
Microsoft Visual Studio Solution File, Format Version 12.00
# Visual Studio Version 17
VisualStudioVersion = 17.0.31903.59
MinimumVisualStudioVersion = 10.0.40219.1
Project("{2150E333-8FDC-42A3-9474-1A3956D46DE8}") = "Source", "Source", "{B8EFCA5F-814F-285C-A8CB-F00F14650265}"
EndProject
Project("{FAE04EC0-301F-11D3-BF4B-00C04F79EFBC}") = "Inbres.TestWork.ShapeEditor.App", "Source\Inbres.TestWork.ShapeEditor.App\Inbres.TestWork.ShapeEditor.App.csproj", "{D739B659-82D1-49A7-9B75-0C63093E12B2}"
EndProject
Project("{FAE04EC0-301F-11D3-BF4B-00C04F79EFBC}") = "Inbres.TestWork.ShapeEditor.Editor", "Source\Inbres.TestWork.ShapeEditor.Editor\Inbres.TestWork.ShapeEditor.Editor.csproj", "{2D0EBEE9-351A-4DAF-A73E-FB5D35069735}"
EndProject
Global
	GlobalSection(SolutionConfigurationPlatforms) = preSolution
		Debug|Any CPU = Debug|Any CPU
		Debug|x64 = Debug|x64
		Debug|x86 = Debug|x86
		Release|Any CPU = Release|Any CPU
		Release|x64 = Release|x64
		Release|x86 = Release|x86
	EndGlobalSection
	GlobalSection(ProjectConfigurationPlatforms) = postSolution
		{D739B659-82D1-49A7-9B75-0C63093E12B2}.Debug|Any CPU.ActiveCfg = Debug|Any CPU
		{D739B659-82D1-49A7-9B75-0C63093E12B2}.Debug|Any CPU.Build.0 = Debug|Any CPU
		{D739B659-82D1-49A7-9B75-0C63093E12B2}.Debug|x64.ActiveCfg = Debug|Any CPU
		{D739B659-82D1-49A7-9B75-0C63093E12B2}.Debug|x64.Build.0 = Debug|Any CPU
		{D739B659-82D1-49A7-9B75-0C63093E12B2}.Debug|x86.ActiveCfg = Debug|Any CPU
		{D739B659-82D1-49A7-9B75-0C63093E12B2}.Debug|x86.Build.0 = Debug|Any CPU
		{D739B659-82D1-49A7-9B75-0C63093E12B2}.Release|Any CPU.ActiveCfg = Release|Any CPU
		{D739B659-82D1-49A7-9B75-0C63093E12B2}.Release|Any CPU.Build.0 = Release|Any CPU
		{D739B659-82D1-49A7-9B75-0C63093E12B2}.Release|x64.ActiveCfg = Release|Any CPU
		{D739B659-82D1-49A7-9B75-0C63093E12B2}.Release|x64.Build.0 = Release|Any CPU
		{D739B659-82D1-49A7-9B75-0C63093E12B2}.Release|x86.ActiveCfg = Release|Any CPU
		{D739B659-82D1-49A7-9B75-0C63093E12B2}.Release|x86.Build.0 = Release|Any CPU
		{2D0EBEE9-351A-4DAF-A73E-FB5D35069735}.Debug|Any CPU.ActiveCfg = Debug|Any CPU
		{2D0EBEE9-351A-4DAF-A73E-FB5D35069735}.Debug|Any CPU.Build.0 = Debug|Any CPU
		{2D0EBEE9-351A-4DAF-A73E-FB5D35069735}.Debug|x64.ActiveCfg = Debug|Any CPU
		{2D0EBEE9-351A-4DAF-A73E-FB5D35069735}.Debug|x64.Build.0 = Debug|Any CPU
		{2D0EBEE9-351A-4DAF-A73E-FB5D35069735}.Debug|x86.ActiveCfg = Debug|Any CPU
		{2D0EBEE9-351A-4DAF-A73E-FB5D35069735}.Debug|x86.Build.0 = Debug|Any CPU
		{2D0EBEE9-351A-4DAF-A73E-FB5D35069735}.Release|Any CPU.ActiveCfg = Release|Any CPU
		{2D0EBEE9-351A-4DAF-A73E-FB5D35069735}.Release|Any CPU.Build.0 = Release|Any CPU
		{2D0EBEE9-351A-4DAF-A73E-FB5D35069735}.Release|x64.ActiveCfg = Release|Any CPU
		{2D0EBEE9-351A-4DAF-A73E-FB5D35069735}.Release|x64.Build.0 = Release|Any CPU
		{2D0EBEE9-351A-4DAF-A73E-FB5D35069735}.Release|x86.ActiveCfg = Release|Any CPU
		{2D0EBEE9-351A-4DAF-A73E-FB5D35069735}.Release|x86.Build.0 = Release|Any CPU
	EndGlobalSection
	GlobalSection(SolutionProperties) = preSolution
		HideSolutionNode = FALSE
	EndGlobalSection
	GlobalSection(NestedProjects) = preSolution
		{D739B659-82D1-49A7-9B75-0C63093E12B2} = {B8EFCA5F-814F-285C-A8CB-F00F14650265}
		{2D0EBEE9-351A-4DAF-A73E-FB5D35069735} = {B8EFCA5F-814F-285C-A8CB-F00F14650265}
	EndGlobalSection
EndGlobal
